
Microsoft Visual Studio Solution File, Format Version 12.00
# Visual Studio Version 16
VisualStudioVersion = 16.0.29403.142
MinimumVisualStudioVersion = 10.0.40219.1
Project("{FAE04EC0-301F-11D3-BF4B-00C04F79EFBC}") = "AviFav+", "AviFav+.csproj", "{DF4D4049-38F0-4B8B-924E-DF0718E35C28}"
EndProject
Global
	GlobalSection(SolutionConfigurationPlatforms) = preSolution
		Debug|Any CPU = Debug|Any CPU
		Release|Any CPU = Release|Any CPU
	EndGlobalSection
	GlobalSection(ProjectConfigurationPlatforms) = postSolution
		{DF4D4049-38F0-4B8B-924E-DF0718E35C28}.Debug|Any CPU.ActiveCfg = Debug|Any CPU
		{DF4D4049-38F0-4B8B-924E-DF0718E35C28}.Debug|Any CPU.Build.0 = Debug|Any CPU
		{DF4D4049-38F0-4B8B-924E-DF0718E35C28}.Release|Any CPU.ActiveCfg = Release|Any CPU
		{DF4D4049-38F0-4B8B-924E-DF0718E35C28}.Release|Any CPU.Build.0 = Release|Any CPU
	EndGlobalSection
	GlobalSection(SolutionProperties) = preSolution
		HideSolutionNode = FALSE
	EndGlobalSection
	GlobalSection(ExtensibilityGlobals) = postSolution
		SolutionGuid = {8564637A-7CBF-460D-85F1-363BA59033CB}
	EndGlobalSection
EndGlobal
